
Microsoft Visual Studio Solution File, Format Version 12.00
# Visual Studio Version 17
VisualStudioVersion = 17.7.34221.43
MinimumVisualStudioVersion = 10.0.40219.1
Project("{9A19103F-16F7-4668-BE54-9A1E7A4F7556}") = "hci-restaurant", "hci-restaurant.csproj", "{C2999851-96C5-4BB2-90B6-657221DEAF4C}"
EndProject
Global
	GlobalSection(SolutionConfigurationPlatforms) = preSolution
		Debug|Any CPU = Debug|Any CPU
		Release|Any CPU = Release|Any CPU
	EndGlobalSection
	GlobalSection(ProjectConfigurationPlatforms) = postSolution
		{C2999851-96C5-4BB2-90B6-657221DEAF4C}.Debug|Any CPU.ActiveCfg = Debug|Any CPU
		{C2999851-96C5-4BB2-90B6-657221DEAF4C}.Debug|Any CPU.Build.0 = Debug|Any CPU
		{C2999851-96C5-4BB2-90B6-657221DEAF4C}.Release|Any CPU.ActiveCfg = Release|Any CPU
		{C2999851-96C5-4BB2-90B6-657221DEAF4C}.Release|Any CPU.Build.0 = Release|Any CPU
	EndGlobalSection
	GlobalSection(SolutionProperties) = preSolution
		HideSolutionNode = FALSE
	EndGlobalSection
	GlobalSection(ExtensibilityGlobals) = postSolution
		SolutionGuid = {37F1C804-7B71-4481-A8E1-1B6CF4A37CD2}
	EndGlobalSection
EndGlobal
